// !$*UTF8*$!
{
	archiveVersion = 1;
	classes = {
	};
	objectVersion = 50;
	objects = {

/* Begin PBXBuildFile section */
		F4EBD1E0248F539F009E0334 /* AppDelegate.swift in Sources */ = {isa = PBXBuildFile; fileRef = F4EBD1DF248F539F009E0334 /* AppDelegate.swift */; };
		F4EBD1E2248F539F009E0334 /* SceneDelegate.swift in Sources */ = {isa = PBXBuildFile; fileRef = F4EBD1E1248F539F009E0334 /* SceneDelegate.swift */; };
		F4EBD1E4248F539F009E0334 /* ContentView.swift in Sources */ = {isa = PBXBuildFile; fileRef = F4EBD1E3248F539F009E0334 /* ContentView.swift */; };
		F4EBD1E6248F53A3009E0334 /* Assets.xcassets in Resources */ = {isa = PBXBuildFile; fileRef = F4EBD1E5248F53A3009E0334 /* Assets.xcassets */; };
		F4EBD1E9248F53A3009E0334 /* Preview Assets.xcassets in Resources */ = {isa = PBXBuildFile; fileRef = F4EBD1E8248F53A3009E0334 /* Preview Assets.xcassets */; };
		F4EBD1EC248F53A3009E0334 /* LaunchScreen.storyboard in Resources */ = {isa = PBXBuildFile; fileRef = F4EBD1EA248F53A3009E0334 /* LaunchScreen.storyboard */; };
		F4EBD1F5248F53FD009E0334 /* WebService.swift in Sources */ = {isa = PBXBuildFile; fileRef = F4EBD1F4248F53FD009E0334 /* WebService.swift */; };
		F4EBD1F8248F5444009E0334 /* Models.swift in Sources */ = {isa = PBXBuildFile; fileRef = F4EBD1F7248F5444009E0334 /* Models.swift */; };
		F4EBD1FB248F549B009E0334 /* ArticleViewModel.swift in Sources */ = {isa = PBXBuildFile; fileRef = F4EBD1FA248F549B009E0334 /* ArticleViewModel.swift */; };
		F4EBD1FD248F54DD009E0334 /* ArticleListViewModel.swift in Sources */ = {isa = PBXBuildFile; fileRef = F4EBD1FC248F54DD009E0334 /* ArticleListViewModel.swift */; };
/* End PBXBuildFile section */

/* Begin PBXFileReference section */
		F4EBD1DC248F539F009E0334 /* SwiftUIExample.app */ = {isa = PBXFileReference; explicitFileType = wrapper.application; includeInIndex = 0; path = SwiftUIExample.app; sourceTree = BUILT_PRODUCTS_DIR; };
		F4EBD1DF248F539F009E0334 /* AppDelegate.swift */ = {isa = PBXFileReference; lastKnownFileType = sourcecode.swift; path = AppDelegate.swift; sourceTree = "<group>"; };
		F4EBD1E1248F539F009E0334 /* SceneDelegate.swift */ = {isa = PBXFileReference; lastKnownFileType = sourcecode.swift; path = SceneDelegate.swift; sourceTree = "<group>"; };
		F4EBD1E3248F539F009E0334 /* ContentView.swift */ = {isa = PBXFileReference; lastKnownFileType = sourcecode.swift; path = ContentView.swift; sourceTree = "<group>"; };
		F4EBD1E5248F53A3009E0334 /* Assets.xcassets */ = {isa = PBXFileReference; lastKnownFileType = folder.assetcatalog; path = Assets.xcassets; sourceTree = "<group>"; };
		F4EBD1E8248F53A3009E0334 /* Preview Assets.xcassets */ = {isa = PBXFileReference; lastKnownFileType = folder.assetcatalog; path = "Preview Assets.xcassets"; sourceTree = "<group>"; };
		F4EBD1EB248F53A3009E0334 /* Base */ = {isa = PBXFileReference; lastKnownFileType = file.storyboard; name = Base; path = Base.lproj/LaunchScreen.storyboard; sourceTree = "<group>"; };
		F4EBD1ED248F53A3009E0334 /* Info.plist */ = {isa = PBXFileReference; lastKnownFileType = text.plist.xml; path = Info.plist; sourceTree = "<group>"; };
		F4EBD1F4248F53FD009E0334 /* WebService.swift */ = {isa = PBXFileReference; lastKnownFileType = sourcecode.swift; path = WebService.swift; sourceTree = "<group>"; };
		F4EBD1F7248F5444009E0334 /* Models.swift */ = {isa = PBXFileReference; lastKnownFileType = sourcecode.swift; path = Models.swift; sourceTree = "<group>"; };
		F4EBD1FA248F549B009E0334 /* ArticleViewModel.swift */ = {isa = PBXFileReference; lastKnownFileType = sourcecode.swift; path = ArticleViewModel.swift; sourceTree = "<group>"; };
		F4EBD1FC248F54DD009E0334 /* ArticleListViewModel.swift */ = {isa = PBXFileReference; lastKnownFileType = sourcecode.swift; path = ArticleListViewModel.swift; sourceTree = "<group>"; };
/* End PBXFileReference section */

/* Begin PBXFrameworksBuildPhase section */
		F4EBD1D9248F539F009E0334 /* Frameworks */ = {
			isa = PBXFrameworksBuildPhase;
			buildActionMask = 2147483647;
			files = (
			);
			runOnlyForDeploymentPostprocessing = 0;
		};
/* End PBXFrameworksBuildPhase section */

/* Begin PBXGroup section */
		F4EBD1D3248F539F009E0334 = {
			isa = PBXGroup;
			children = (
				F4EBD1DE248F539F009E0334 /* SwiftUIExample */,
				F4EBD1DD248F539F009E0334 /* Products */,
			);
			sourceTree = "<group>";
		};
		F4EBD1DD248F539F009E0334 /* Products */ = {
			isa = PBXGroup;
			children = (
				F4EBD1DC248F539F009E0334 /* SwiftUIExample.app */,
			);
			name = Products;
			sourceTree = "<group>";
		};
		F4EBD1DE248F539F009E0334 /* SwiftUIExample */ = {
			isa = PBXGroup;
			children = (
				F4EBD1F9248F5483009E0334 /* View Model */,
				F4EBD1F6248F543A009E0334 /* Model */,
				F4EBD1F3248F53ED009E0334 /* Web Service */,
				F4EBD1DF248F539F009E0334 /* AppDelegate.swift */,
				F4EBD1E1248F539F009E0334 /* SceneDelegate.swift */,
				F4EBD1E3248F539F009E0334 /* ContentView.swift */,
				F4EBD1E5248F53A3009E0334 /* Assets.xcassets */,
				F4EBD1EA248F53A3009E0334 /* LaunchScreen.storyboard */,
				F4EBD1ED248F53A3009E0334 /* Info.plist */,
				F4EBD1E7248F53A3009E0334 /* Preview Content */,
			);
			path = SwiftUIExample;
			sourceTree = "<group>";
		};
		F4EBD1E7248F53A3009E0334 /* Preview Content */ = {
			isa = PBXGroup;
			children = (
				F4EBD1E8248F53A3009E0334 /* Preview Assets.xcassets */,
			);
			path = "Preview Content";
			sourceTree = "<group>";
		};
		F4EBD1F3248F53ED009E0334 /* Web Service */ = {
			isa = PBXGroup;
			children = (
				F4EBD1F4248F53FD009E0334 /* WebService.swift */,
			);
			path = "Web Service";
			sourceTree = "<group>";
		};
		F4EBD1F6248F543A009E0334 /* Model */ = {
			isa = PBXGroup;
			children = (
				F4EBD1F7248F5444009E0334 /* Models.swift */,
			);
			path = Model;
			sourceTree = "<group>";
		};
		F4EBD1F9248F5483009E0334 /* View Model */ = {
			isa = PBXGroup;
			children = (
				F4EBD1FA248F549B009E0334 /* ArticleViewModel.swift */,
				F4EBD1FC248F54DD009E0334 /* ArticleListViewModel.swift */,
			);
			path = "View Model";
			sourceTree = "<group>";
		};
/* End PBXGroup section */

/* Begin PBXNativeTarget section */
		F4EBD1DB248F539F009E0334 /* SwiftUIExample */ = {
			isa = PBXNativeTarget;
			buildConfigurationList = F4EBD1F0248F53A3009E0334 /* Build configuration list for PBXNativeTarget "SwiftUIExample" */;
			buildPhases = (
				F4EBD1D8248F539F009E0334 /* Sources */,
				F4EBD1D9248F539F009E0334 /* Frameworks */,
				F4EBD1DA248F539F009E0334 /* Resources */,
			);
			buildRules = (
			);
			dependencies = (
			);
			name = SwiftUIExample;
			productName = SwiftUIExample;
			productReference = F4EBD1DC248F539F009E0334 /* SwiftUIExample.app */;
			productType = "com.apple.product-type.application";
		};
/* End PBXNativeTarget section */

/* Begin PBXProject section */
		F4EBD1D4248F539F009E0334 /* Project object */ = {
			isa = PBXProject;
			attributes = {
				LastSwiftUpdateCheck = 1150;
				LastUpgradeCheck = 1150;
				ORGANIZATIONNAME = Tap.pm;
				TargetAttributes = {
					F4EBD1DB248F539F009E0334 = {
						CreatedOnToolsVersion = 11.5;
					};
				};
			};
			buildConfigurationList = F4EBD1D7248F539F009E0334 /* Build configuration list for PBXProject "SwiftUIExample" */;
			compatibilityVersion = "Xcode 9.3";
			developmentRegion = en;
			hasScannedForEncodings = 0;
			knownRegions = (
				en,
				Base,
			);
			mainGroup = F4EBD1D3248F539F009E0334;
			productRefGroup = F4EBD1DD248F539F009E0334 /* Products */;
			projectDirPath = "";
			projectRoot = "";
			targets = (
				F4EBD1DB248F539F009E0334 /* SwiftUIExample */,
			);
		};
/* End PBXProject section */

/* Begin PBXResourcesBuildPhase section */
		F4EBD1DA248F539F009E0334 /* Resources */ = {
			isa = PBXResourcesBuildPhase;
			buildActionMask = 2147483647;
			files = (
				F4EBD1EC248F53A3009E0334 /* LaunchScreen.storyboard in Resources */,
				F4EBD1E9248F53A3009E0334 /* Preview Assets.xcassets in Resources */,
				F4EBD1E6248F53A3009E0334 /* Assets.xcassets in Resources */,
			);
			runOnlyForDeploymentPostprocessing = 0;
		};
/* End PBXResourcesBuildPhase section */

/* Begin PBXSourcesBuildPhase section */
		F4EBD1D8248F539F009E0334 /* Sources */ = {
			isa = PBXSourcesBuildPhase;
			buildActionMask = 2147483647;
			files = (
				F4EBD1E0248F539F009E0334 /* AppDelegate.swift in Sources */,
				F4EBD1E2248F539F009E0334 /* SceneDelegate.swift in Sources */,
				F4EBD1F5248F53FD009E0334 /* WebService.swift in Sources */,
				F4EBD1FB248F549B009E0334 /* ArticleViewModel.swift in Sources */,
				F4EBD1E4248F539F009E0334 /* ContentView.swift in Sources */,
				F4EBD1F8248F5444009E0334 /* Models.swift in Sources */,
				F4EBD1FD248F54DD009E0334 /* ArticleListViewModel.swift in Sources */,
			);
			runOnlyForDeploymentPostprocessing = 0;
		};
/* End PBXSourcesBuildPhase section */

/* Begin PBXVariantGroup section */
		F4EBD1EA248F53A3009E0334 /* LaunchScreen.storyboard */ = {
			isa = PBXVariantGroup;
			children = (
				F4EBD1EB248F53A3009E0334 /* Base */,
			);
			name = LaunchScreen.storyboard;
			sourceTree = "<group>";
		};
/* End PBXVariantGroup section */

/* Begin XCBuildConfiguration section */
		F4EBD1EE248F53A3009E0334 /* Debug */ = {
			isa = XCBuildConfiguration;
			buildSettings = {
				ALWAYS_SEARCH_USER_PATHS = NO;
				CLANG_ANALYZER_NONNULL = YES;
				CLANG_ANALYZER_NUMBER_OBJECT_CONVERSION = YES_AGGRESSIVE;
				CLANG_CXX_LANGUAGE_STANDARD = "gnu++14";
				CLANG_CXX_LIBRARY = "libc++";
				CLANG_ENABLE_MODULES = YES;
				CLANG_ENABLE_OBJC_ARC = YES;
				CLANG_ENABLE_OBJC_WEAK = YES;
				CLANG_WARN_BLOCK_CAPTURE_AUTORELEASING = YES;
				CLANG_WARN_BOOL_CONVERSION = YES;
				CLANG_WARN_COMMA = YES;
				CLANG_WARN_CONSTANT_CONVERSION = YES;
				CLANG_WARN_DEPRECATED_OBJC_IMPLEMENTATIONS = YES;
				CLANG_WARN_DIRECT_OBJC_ISA_USAGE = YES_ERROR;
				CLANG_WARN_DOCUMENTATION_COMMENTS = YES;
				CLANG_WARN_EMPTY_BODY = YES;
				CLANG_WARN_ENUM_CONVERSION = YES;
				CLANG_WARN_INFINITE_RECURSION = YES;
				CLANG_WARN_INT_CONVERSION = YES;
				CLANG_WARN_NON_LITERAL_NULL_CONVERSION = YES;
				CLANG_WARN_OBJC_IMPLICIT_RETAIN_SELF = YES;
				CLANG_WARN_OBJC_LITERAL_CONVERSION = YES;
				CLANG_WARN_OBJC_ROOT_CLASS = YES_ERROR;
				CLANG_WARN_RANGE_LOOP_ANALYSIS = YES;
				CLANG_WARN_STRICT_PROTOTYPES = YES;
				CLANG_WARN_SUSPICIOUS_MOVE = YES;
				CLANG_WARN_UNGUARDED_AVAILABILITY = YES_AGGRESSIVE;
				CLANG_WARN_UNREACHABLE_CODE = YES;
				CLANG_WARN__DUPLICATE_METHOD_MATCH = YES;
				COPY_PHASE_STRIP = NO;
				DEBUG_INFORMATION_FORMAT = dwarf;
				ENABLE_STRICT_OBJC_MSGSEND = YES;
				ENABLE_TESTABILITY = YES;
				GCC_C_LANGUAGE_STANDARD = gnu11;
				GCC_DYNAMIC_NO_PIC = NO;
				GCC_NO_COMMON_BLOCKS = YES;
				GCC_OPTIMIZATION_LEVEL = 0;
				GCC_PREPROCESSOR_DEFINITIONS = (
					"DEBUG=1",
					"$(inherited)",
				);
				GCC_WARN_64_TO_32_BIT_CONVERSION = YES;
				GCC_WARN_ABOUT_RETURN_TYPE = YES_ERROR;
				GCC_WARN_UNDECLARED_SELECTOR = YES;
				GCC_WARN_UNINITIALIZED_AUTOS = YES_AGGRESSIVE;
				GCC_WARN_UNUSED_FUNCTION = YES;
				GCC_WARN_UNUSED_VARIABLE = YES;
				IPHONEOS_DEPLOYMENT_TARGET = 13.5;
				MTL_ENABLE_DEBUG_INFO = INCLUDE_SOURCE;
				MTL_FAST_MATH = YES;
				ONLY_ACTIVE_ARCH = YES;
				SDKROOT = iphoneos;
				SWIFT_ACTIVE_COMPILATION_CONDITIONS = DEBUG;
				SWIFT_OPTIMIZATION_LEVEL = "-Onone";
			};
			name = Debug;
		};
		F4EBD1EF248F53A3009E0334 /* Release */ = {
			isa = XCBuildConfiguration;
			buildSettings = {
				ALWAYS_SEARCH_USER_PATHS = NO;
				CLANG_ANALYZER_NONNULL = YES;
				CLANG_ANALYZER_NUMBER_OBJECT_CONVERSION = YES_AGGRESSIVE;
				CLANG_CXX_LANGUAGE_STANDARD = "gnu++14";
				CLANG_CXX_LIBRARY = "libc++";
				CLANG_ENABLE_MODULES = YES;
				CLANG_ENABLE_OBJC_ARC = YES;
				CLANG_ENABLE_OBJC_WEAK = YES;
				CLANG_WARN_BLOCK_CAPTURE_AUTORELEASING = YES;
				CLANG_WARN_BOOL_CONVERSION = YES;
				CLANG_WARN_COMMA = YES;
				CLANG_WARN_CONSTANT_CONVERSION = YES;
				CLANG_WARN_DEPRECATED_OBJC_IMPLEMENTATIONS = YES;
				CLANG_WARN_DIRECT_OBJC_ISA_USAGE = YES_ERROR;
				CLANG_WARN_DOCUMENTATION_COMMENTS = YES;
				CLANG_WARN_EMPTY_BODY = YES;
				CLANG_WARN_ENUM_CONVERSION = YES;
				CLANG_WARN_INFINITE_RECURSION = YES;
				CLANG_WARN_INT_CONVERSION = YES;
				CLANG_WARN_NON_LITERAL_NULL_CONVERSION = YES;
				CLANG_WARN_OBJC_IMPLICIT_RETAIN_SELF = YES;
				CLANG_WARN_OBJC_LITERAL_CONVERSION = YES;
				CLANG_WARN_OBJC_ROOT_CLASS = YES_ERROR;
				CLANG_WARN_RANGE_LOOP_ANALYSIS = YES;
				CLANG_WARN_STRICT_PROTOTYPES = YES;
				CLANG_WARN_SUSPICIOUS_MOVE = YES;
				CLANG_WARN_UNGUARDED_AVAILABILITY = YES_AGGRESSIVE;
				CLANG_WARN_UNREACHABLE_CODE = YES;
				CLANG_WARN__DUPLICATE_METHOD_MATCH = YES;
				COPY_PHASE_STRIP = NO;
				DEBUG_INFORMATION_FORMAT = "dwarf-with-dsym";
				ENABLE_NS_ASSERTIONS = NO;
				ENABLE_STRICT_OBJC_MSGSEND = YES;
				GCC_C_LANGUAGE_STANDARD = gnu11;
				GCC_NO_COMMON_BLOCKS = YES;
				GCC_WARN_64_TO_32_BIT_CONVERSION = YES;
				GCC_WARN_ABOUT_RETURN_TYPE = YES_ERROR;
				GCC_WARN_UNDECLARED_SELECTOR = YES;
				GCC_WARN_UNINITIALIZED_AUTOS = YES_AGGRESSIVE;
				GCC_WARN_UNUSED_FUNCTION = YES;
				GCC_WARN_UNUSED_VARIABLE = YES;
				IPHONEOS_DEPLOYMENT_TARGET = 13.5;
				MTL_ENABLE_DEBUG_INFO = NO;
				MTL_FAST_MATH = YES;
				SDKROOT = iphoneos;
				SWIFT_COMPILATION_MODE = wholemodule;
				SWIFT_OPTIMIZATION_LEVEL = "-O";
				VALIDATE_PRODUCT = YES;
			};
			name = Release;
		};
		F4EBD1F1248F53A3009E0334 /* Debug */ = {
			isa = XCBuildConfiguration;
			buildSettings = {
				ASSETCATALOG_COMPILER_APPICON_NAME = AppIcon;
				CODE_SIGN_STYLE = Automatic;
				DEVELOPMENT_ASSET_PATHS = "\"SwiftUIExample/Preview Content\"";
				ENABLE_PREVIEWS = YES;
				INFOPLIST_FILE = SwiftUIExample/Info.plist;
				LD_RUNPATH_SEARCH_PATHS = (
					"$(inherited)",
					"@executable_path/Frameworks",
				);
				PRODUCT_BUNDLE_IDENTIFIER = tap.pm.SwiftUIExample;
				PRODUCT_NAME = "$(TARGET_NAME)";
				SWIFT_VERSION = 5.0;
				TARGETED_DEVICE_FAMILY = "1,2";
			};
			name = Debug;
		};
		F4EBD1F2248F53A3009E0334 /* Release */ = {
			isa = XCBuildConfiguration;
			buildSettings = {
				ASSETCATALOG_COMPILER_APPICON_NAME = AppIcon;
				CODE_SIGN_STYLE = Automatic;
				DEVELOPMENT_ASSET_PATHS = "\"SwiftUIExample/Preview Content\"";
				ENABLE_PREVIEWS = YES;
				INFOPLIST_FILE = SwiftUIExample/Info.plist;
				LD_RUNPATH_SEARCH_PATHS = (
					"$(inherited)",
					"@executable_path/Frameworks",
				);
				PRODUCT_BUNDLE_IDENTIFIER = tap.pm.SwiftUIExample;
				PRODUCT_NAME = "$(TARGET_NAME)";
				SWIFT_VERSION = 5.0;
				TARGETED_DEVICE_FAMILY = "1,2";
			};
			name = Release;
		};
/* End XCBuildConfiguration section */

/* Begin XCConfigurationList section */
		F4EBD1D7248F539F009E0334 /* Build configuration list for PBXProject "SwiftUIExample" */ = {
			isa = XCConfigurationList;
			buildConfigurations = (
				F4EBD1EE248F53A3009E0334 /* Debug */,
				F4EBD1EF248F53A3009E0334 /* Release */,
			);
			defaultConfigurationIsVisible = 0;
			defaultConfigurationName = Release;
		};
		F4EBD1F0248F53A3009E0334 /* Build configuration list for PBXNativeTarget "SwiftUIExample" */ = {
			isa = XCConfigurationList;
			buildConfigurations = (
				F4EBD1F1248F53A3009E0334 /* Debug */,
				F4EBD1F2248F53A3009E0334 /* Release */,
			);
			defaultConfigurationIsVisible = 0;
			defaultConfigurationName = Release;
		};
/* End XCConfigurationList section */
	};
	rootObject = F4EBD1D4248F539F009E0334 /* Project object */;
}
